
Microsoft Visual Studio Solution File, Format Version 12.00
# Visual Studio 15
Project("{FAE04EC0-301F-11D3-BF4B-00C04F79EFBC}") = "Robo_SimTest", "Robo_SimTest\Robo_SimTest.csproj", "{337B199E-D618-4D76-B9BB-14A52C001E9F}"
EndProject
Global
	GlobalSection(SolutionConfigurationPlatforms) = preSolution
		Debug|Any CPU = Debug|Any CPU
		Release|Any CPU = Release|Any CPU
	EndGlobalSection
	GlobalSection(ProjectConfigurationPlatforms) = postSolution
		{337B199E-D618-4D76-B9BB-14A52C001E9F}.Debug|Any CPU.ActiveCfg = Debug|Any CPU
		{337B199E-D618-4D76-B9BB-14A52C001E9F}.Debug|Any CPU.Build.0 = Debug|Any CPU
		{337B199E-D618-4D76-B9BB-14A52C001E9F}.Release|Any CPU.ActiveCfg = Release|Any CPU
		{337B199E-D618-4D76-B9BB-14A52C001E9F}.Release|Any CPU.Build.0 = Release|Any CPU
	EndGlobalSection
EndGlobal
